
Microsoft Visual Studio Solution File, Format Version 11.00
# Visual Studio 2010
Project("{FAE04EC0-301F-11D3-BF4B-00C04F79EFBC}") = "WindowsFormsApplication2", "WindowsFormsApplication2\WindowsFormsApplication2.csproj", "{DB441CC7-0AFE-4E85-B3D2-2DC36656E1E4}"
EndProject
Project("{FAE04EC0-301F-11D3-BF4B-00C04F79EFBC}") = "ConsoleApplication1", "ConsoleApplication1\ConsoleApplication1.csproj", "{6985413C-D6FB-47E9-9D32-98A89FBFCF60}"
EndProject
Global
	GlobalSection(SolutionConfigurationPlatforms) = preSolution
		Debug|x86 = Debug|x86
		Release|x86 = Release|x86
	EndGlobalSection
	GlobalSection(ProjectConfigurationPlatforms) = postSolution
		{DB441CC7-0AFE-4E85-B3D2-2DC36656E1E4}.Debug|x86.ActiveCfg = Debug|x86
		{DB441CC7-0AFE-4E85-B3D2-2DC36656E1E4}.Debug|x86.Build.0 = Debug|x86
		{DB441CC7-0AFE-4E85-B3D2-2DC36656E1E4}.Release|x86.ActiveCfg = Release|x86
		{DB441CC7-0AFE-4E85-B3D2-2DC36656E1E4}.Release|x86.Build.0 = Release|x86
		{6985413C-D6FB-47E9-9D32-98A89FBFCF60}.Debug|x86.ActiveCfg = Debug|x86
		{6985413C-D6FB-47E9-9D32-98A89FBFCF60}.Debug|x86.Build.0 = Debug|x86
		{6985413C-D6FB-47E9-9D32-98A89FBFCF60}.Release|x86.ActiveCfg = Release|x86
		{6985413C-D6FB-47E9-9D32-98A89FBFCF60}.Release|x86.Build.0 = Release|x86
	EndGlobalSection
	GlobalSection(SolutionProperties) = preSolution
		HideSolutionNode = FALSE
	EndGlobalSection
EndGlobal
